github.com/jbowtie/gokogiri v0.0.0-20170925221839-40b48594ca18 h1:r7dDKUVfRwZc2seF1p47+CPu/83OKDm9JhQQ1TCiNJ4=
github.com/jbowtie/gokogiri v0.0.0-20170925221839-40b48594ca18/go.mod h1:C3R3VzPq+DAwilxue7DiV6F2QL1rrQX0L56GyI+sBxM=
github.com/jbowtie/gokogiri v0.0.0-20190301021639-37f655d3078f h1:6UIvzqlGM38lOpKP380Wbl0kUyyjutcc7KJUaDM/U4o=
github.com/jbowtie/gokogiri v0.0.0-20190301021639-37f655d3078f/go.mod h1:C3R3VzPq+DAwilxue7DiV6F2QL1rrQX0L56GyI+sBxM=
github.com/kivutar/ratago v0.0.0-20180116150209-8699fcf7c668 h1:v2m+44nM/ah+xYTm8GE3jfNmi7uniwKyXAm418oFoO0=
github.com/kivutar/ratago v0.0.0-20180116150209-8699fcf7c668/go.mod h1:8zLARNX6M+K6ylA5evigMgwLLV3ECEfekoyBaCy3K9w=
